{
  "name": "@codeit/core",
  "version": "0.0.0",
  "lockfileVersion": 2,
  "requires": true,
  "packages": {
    "": {
      "name": "@codeit/core",
      "version": "0.0.0",
      "dependencies": {
        "fp-ts": "2.10.4",
        "io-ts": "2.2.16",
        "io-ts-types": "0.5.16",
        "monocle-ts": "2.3.11",
        "newtype-ts": "0.3.4"
      }
    },
    "node_modules/fp-ts": {
      "version": "2.10.4",
      "resolved": "https://registry.npmjs.org/fp-ts/-/fp-ts-2.10.4.tgz",
      "integrity": "sha512-vMTB5zNc9PnE20q145PNbkiL9P9WegwmKVOFloi/NfHnPdAlcob6I3AKqlH/9u3k3/M/GOftZhcJdBrb+NtnDA=="
    },
    "node_modules/io-ts": {
      "version": "2.2.16",
      "resolved": "https://registry.npmjs.org/io-ts/-/io-ts-2.2.16.tgz",
      "integrity": "sha512-y5TTSa6VP6le0hhmIyN0dqEXkrZeJLeC5KApJq6VLci3UEKF80lZ+KuoUs02RhBxNWlrqSNxzfI7otLX1Euv8Q==",
      "peerDependencies": {
        "fp-ts": "^2.5.0"
      }
    },
    "node_modules/io-ts-types": {
      "version": "0.5.16",
      "resolved": "https://registry.npmjs.org/io-ts-types/-/io-ts-types-0.5.16.tgz",
      "integrity": "sha512-h9noYVfY9rlbmKI902SJdnV/06jgiT2chxG6lYDxaYNp88HscPi+SBCtmcU+m0E7WT5QSwt7sIMj93+qu0FEwQ==",
      "peerDependencies": {
        "fp-ts": "^2.0.0",
        "io-ts": "^2.0.0",
        "monocle-ts": "^2.0.0",
        "newtype-ts": "^0.3.2"
      }
    },
    "node_modules/monocle-ts": {
      "version": "2.3.11",
      "resolved": "https://registry.npmjs.org/monocle-ts/-/monocle-ts-2.3.11.tgz",
      "integrity": "sha512-YJQdpDeKU0NNAecDjFgDDnDoivmf2nXsJZTRQdKh5jsPKG2lT/15dFnSuUcQoKB/VZN1z7jQ0B0bffbRFUtLmg==",
      "peerDependencies": {
        "fp-ts": "^2.5.0"
      }
    },
    "node_modules/newtype-ts": {
      "version": "0.3.4",
      "resolved": "https://registry.npmjs.org/newtype-ts/-/newtype-ts-0.3.4.tgz",
      "integrity": "sha512-lFJnWAt0oXX1j1ErNy9RU5+FPNtVyzugHW2MchaaMiOeeS9LEmqAAOqyHPFQ0Uw895jStSYGSCslrByzYxFJYQ==",
      "peerDependencies": {
        "fp-ts": "^2.0.0",
        "monocle-ts": "^2.0.0"
      }
    }
  },
  "dependencies": {
    "fp-ts": {
      "version": "2.10.4",
      "resolved": "https://registry.npmjs.org/fp-ts/-/fp-ts-2.10.4.tgz",
      "integrity": "sha512-vMTB5zNc9PnE20q145PNbkiL9P9WegwmKVOFloi/NfHnPdAlcob6I3AKqlH/9u3k3/M/GOftZhcJdBrb+NtnDA=="
    },
    "io-ts": {
      "version": "2.2.16",
      "resolved": "https://registry.npmjs.org/io-ts/-/io-ts-2.2.16.tgz",
      "integrity": "sha512-y5TTSa6VP6le0hhmIyN0dqEXkrZeJLeC5KApJq6VLci3UEKF80lZ+KuoUs02RhBxNWlrqSNxzfI7otLX1Euv8Q==",
      "requires": {}
    },
    "io-ts-types": {
      "version": "0.5.16",
      "resolved": "https://registry.npmjs.org/io-ts-types/-/io-ts-types-0.5.16.tgz",
      "integrity": "sha512-h9noYVfY9rlbmKI902SJdnV/06jgiT2chxG6lYDxaYNp88HscPi+SBCtmcU+m0E7WT5QSwt7sIMj93+qu0FEwQ==",
      "requires": {}
    },
    "monocle-ts": {
      "version": "2.3.11",
      "resolved": "https://registry.npmjs.org/monocle-ts/-/monocle-ts-2.3.11.tgz",
      "integrity": "sha512-YJQdpDeKU0NNAecDjFgDDnDoivmf2nXsJZTRQdKh5jsPKG2lT/15dFnSuUcQoKB/VZN1z7jQ0B0bffbRFUtLmg==",
      "requires": {}
    },
    "newtype-ts": {
      "version": "0.3.4",
      "resolved": "https://registry.npmjs.org/newtype-ts/-/newtype-ts-0.3.4.tgz",
      "integrity": "sha512-lFJnWAt0oXX1j1ErNy9RU5+FPNtVyzugHW2MchaaMiOeeS9LEmqAAOqyHPFQ0Uw895jStSYGSCslrByzYxFJYQ==",
      "requires": {}
    }
  }
}
